
Microsoft Visual Studio Solution File, Format Version 12.00
# Visual Studio Version 16
VisualStudioVersion = 16.0.30517.126
MinimumVisualStudioVersion = 10.0.40219.1
Project("{2150E333-8FDC-42A3-9474-1A3956D46DE8}") = "Examples by feature", "Examples by feature", "{2423E7ED-FB37-4CDA-B7D4-4D4C70028615}"
EndProject
Project("{FAE04EC0-301F-11D3-BF4B-00C04F79EFBC}") = "EdiFabric.Examples.FlatFile.Common", "EdiFabric.Examples.FlatFile.Common\EdiFabric.Examples.FlatFile.Common.csproj", "{9EE73A43-C18B-44EC-962F-064CAA2C3C66}"
EndProject
Project("{2150E333-8FDC-42A3-9474-1A3956D46DE8}") = "Sample files", "Sample files", "{83826218-AB92-4585-A88D-04805772CABD}"
	ProjectSection(SolutionItems) = preProject
		Files\Flat_Markers.txt = Files\Flat_Markers.txt
		Files\Flat_PO.txt = Files\Flat_PO.txt
	EndProjectSection
EndProject
Project("{2150E333-8FDC-42A3-9474-1A3956D46DE8}") = "_Getting started", "_Getting started", "{61FAFD63-3584-4C7E-8334-D76B985F53ED}"
	ProjectSection(SolutionItems) = preProject
		README.txt = README.txt
	EndProjectSection
EndProject
Project("{FAE04EC0-301F-11D3-BF4B-00C04F79EFBC}") = "EdiFabric.Examples.FlatFile.Write", "EdiFabric.Examples.FlatFile.Write\EdiFabric.Examples.FlatFile.Write.csproj", "{AC2419D8-7E7A-4F53-A2C6-C21A5D265C02}"
EndProject
Project("{FAE04EC0-301F-11D3-BF4B-00C04F79EFBC}") = "EdiFabric.Examples.FlatFile.Read", "EdiFabric.Examples.FlatFile.Read\EdiFabric.Examples.FlatFile.Read.csproj", "{9D196BA5-263A-4D42-9891-327A19B29A40}"
EndProject
Global
	GlobalSection(SolutionConfigurationPlatforms) = preSolution
		Debug|Any CPU = Debug|Any CPU
		Release|Any CPU = Release|Any CPU
	EndGlobalSection
	GlobalSection(ProjectConfigurationPlatforms) = postSolution
		{9EE73A43-C18B-44EC-962F-064CAA2C3C66}.Debug|Any CPU.ActiveCfg = Debug|Any CPU
		{9EE73A43-C18B-44EC-962F-064CAA2C3C66}.Debug|Any CPU.Build.0 = Debug|Any CPU
		{9EE73A43-C18B-44EC-962F-064CAA2C3C66}.Release|Any CPU.ActiveCfg = Release|Any CPU
		{9EE73A43-C18B-44EC-962F-064CAA2C3C66}.Release|Any CPU.Build.0 = Release|Any CPU
		{AC2419D8-7E7A-4F53-A2C6-C21A5D265C02}.Debug|Any CPU.ActiveCfg = Debug|Any CPU
		{AC2419D8-7E7A-4F53-A2C6-C21A5D265C02}.Debug|Any CPU.Build.0 = Debug|Any CPU
		{AC2419D8-7E7A-4F53-A2C6-C21A5D265C02}.Release|Any CPU.ActiveCfg = Release|Any CPU
		{AC2419D8-7E7A-4F53-A2C6-C21A5D265C02}.Release|Any CPU.Build.0 = Release|Any CPU
		{9D196BA5-263A-4D42-9891-327A19B29A40}.Debug|Any CPU.ActiveCfg = Debug|Any CPU
		{9D196BA5-263A-4D42-9891-327A19B29A40}.Debug|Any CPU.Build.0 = Debug|Any CPU
		{9D196BA5-263A-4D42-9891-327A19B29A40}.Release|Any CPU.ActiveCfg = Release|Any CPU
		{9D196BA5-263A-4D42-9891-327A19B29A40}.Release|Any CPU.Build.0 = Release|Any CPU
	EndGlobalSection
	GlobalSection(SolutionProperties) = preSolution
		HideSolutionNode = FALSE
	EndGlobalSection
	GlobalSection(NestedProjects) = preSolution
		{AC2419D8-7E7A-4F53-A2C6-C21A5D265C02} = {2423E7ED-FB37-4CDA-B7D4-4D4C70028615}
		{9D196BA5-263A-4D42-9891-327A19B29A40} = {2423E7ED-FB37-4CDA-B7D4-4D4C70028615}
	EndGlobalSection
	GlobalSection(ExtensibilityGlobals) = postSolution
		SolutionGuid = {5F789574-D3E7-48BC-8ED3-F8092AAC83B6}
	EndGlobalSection
EndGlobal
